// !$*UTF8*$!
{
	archiveVersion = 1;
	classes = {
	};
	objectVersion = 51;
	objects = {

/* Begin PBXBuildFile section */
		043BF1532495006E00B91BB9 /* FirebaseController.swift in Sources */ = {isa = PBXBuildFile; fileRef = 043BF1522495006E00B91BB9 /* FirebaseController.swift */; };
		043BF155249652AC00B91BB9 /* UIView.swift in Sources */ = {isa = PBXBuildFile; fileRef = 043BF154249652AC00B91BB9 /* UIView.swift */; };
		044A9260247519EF0030470F /* GoogleService-Info.plist in Resources */ = {isa = PBXBuildFile; fileRef = 044A925F247519EF0030470F /* GoogleService-Info.plist */; };
		044A9268247569A50030470F /* LoginViewController.swift in Sources */ = {isa = PBXBuildFile; fileRef = 044A9267247569A50030470F /* LoginViewController.swift */; };
		044A926A247571D80030470F /* SignInViewController.swift in Sources */ = {isa = PBXBuildFile; fileRef = 044A9269247571D80030470F /* SignInViewController.swift */; };
		044A926C247572010030470F /* SignUpViewController.swift in Sources */ = {isa = PBXBuildFile; fileRef = 044A926B247572010030470F /* SignUpViewController.swift */; };
		044A92702476060F0030470F /* ChannelsTableViewController.swift in Sources */ = {isa = PBXBuildFile; fileRef = 044A926F2476060F0030470F /* ChannelsTableViewController.swift */; };
		044A9272247606210030470F /* ChatViewController.swift in Sources */ = {isa = PBXBuildFile; fileRef = 044A9271247606210030470F /* ChatViewController.swift */; };
		044A927424760B540030470F /* SettingsTableViewController.swift in Sources */ = {isa = PBXBuildFile; fileRef = 044A927324760B540030470F /* SettingsTableViewController.swift */; };
		044A927624760FD20030470F /* SettingsTableViewCell.swift in Sources */ = {isa = PBXBuildFile; fileRef = 044A927524760FD20030470F /* SettingsTableViewCell.swift */; };
		044A9278247615E90030470F /* Channel.swift in Sources */ = {isa = PBXBuildFile; fileRef = 044A9277247615E90030470F /* Channel.swift */; };
		044A927B247627280030470F /* UIColor+Additions.swift in Sources */ = {isa = PBXBuildFile; fileRef = 044A927A247627280030470F /* UIColor+Additions.swift */; };
		044A927D247629220030470F /* DatabaseRepresentation.swift in Sources */ = {isa = PBXBuildFile; fileRef = 044A927C247629220030470F /* DatabaseRepresentation.swift */; };
		044CE4B1249C800E004B3B72 /* UserDetails.swift in Sources */ = {isa = PBXBuildFile; fileRef = 044CE4B0249C800E004B3B72 /* UserDetails.swift */; };
		044CE4B3249C9D79004B3B72 /* CarrierData.swift in Sources */ = {isa = PBXBuildFile; fileRef = 044CE4B2249C9D79004B3B72 /* CarrierData.swift */; };
		044CE4B5249CA28B004B3B72 /* CarrierRequest.swift in Sources */ = {isa = PBXBuildFile; fileRef = 044CE4B4249CA28B004B3B72 /* CarrierRequest.swift */; };
		044CE4B7249CB05E004B3B72 /* CarrierListTableViewController.swift in Sources */ = {isa = PBXBuildFile; fileRef = 044CE4B6249CB05E004B3B72 /* CarrierListTableViewController.swift */; };
		044CE4B9249CB0C0004B3B72 /* CarrierListTableViewCell.swift in Sources */ = {isa = PBXBuildFile; fileRef = 044CE4B8249CB0C0004B3B72 /* CarrierListTableViewCell.swift */; };
		044D7D55246FDE6800E0BDFC /* TrackingData.swift in Sources */ = {isa = PBXBuildFile; fileRef = 044D7D54246FDE6700E0BDFC /* TrackingData.swift */; };
		044D7D572472D92500E0BDFC /* TrackingDetailsTableViewController.swift in Sources */ = {isa = PBXBuildFile; fileRef = 044D7D562472D92500E0BDFC /* TrackingDetailsTableViewController.swift */; };
		044D7D592472DE2A00E0BDFC /* TrackingDetailsTableViewCell.swift in Sources */ = {isa = PBXBuildFile; fileRef = 044D7D582472DE2A00E0BDFC /* TrackingDetailsTableViewCell.swift */; };
		044D7D5B2473488300E0BDFC /* TrackingDataRequest.swift in Sources */ = {isa = PBXBuildFile; fileRef = 044D7D5A2473488300E0BDFC /* TrackingDataRequest.swift */; };
		044E601A248E7038006CCADF /* Utilities.swift in Sources */ = {isa = PBXBuildFile; fileRef = 044E6019248E7038006CCADF /* Utilities.swift */; };
		044E601E248FCBA3006CCADF /* Record.swift in Sources */ = {isa = PBXBuildFile; fileRef = 044E601D248FCBA3006CCADF /* Record.swift */; };
		04523C6324699E1F00E1230C /* AppDelegate.swift in Sources */ = {isa = PBXBuildFile; fileRef = 04523C6224699E1F00E1230C /* AppDelegate.swift */; };
		04523C6524699E1F00E1230C /* SceneDelegate.swift in Sources */ = {isa = PBXBuildFile; fileRef = 04523C6424699E1F00E1230C /* SceneDelegate.swift */; };
		04523C6724699E1F00E1230C /* ViewController.swift in Sources */ = {isa = PBXBuildFile; fileRef = 04523C6624699E1F00E1230C /* ViewController.swift */; };
		04523C6A24699E1F00E1230C /* Main.storyboard in Resources */ = {isa = PBXBuildFile; fileRef = 04523C6824699E1F00E1230C /* Main.storyboard */; };
		04523C6F24699E2300E1230C /* Assets.xcassets in Resources */ = {isa = PBXBuildFile; fileRef = 04523C6E24699E2300E1230C /* Assets.xcassets */; };
		04523C7224699E2300E1230C /* LaunchScreen.storyboard in Resources */ = {isa = PBXBuildFile; fileRef = 04523C7024699E2300E1230C /* LaunchScreen.storyboard */; };
		045248A5246A7DB300BE68CC /* HomeViewController.swift in Sources */ = {isa = PBXBuildFile; fileRef = 045248A4246A7DB300BE68CC /* HomeViewController.swift */; };
		045248A7246A7E0500BE68CC /* TrackingListTableViewController.swift in Sources */ = {isa = PBXBuildFile; fileRef = 045248A6246A7E0500BE68CC /* TrackingListTableViewController.swift */; };
		045248A9246A9BE600BE68CC /* TrackingListTableViewCell.swift in Sources */ = {isa = PBXBuildFile; fileRef = 045248A8246A9BE600BE68CC /* TrackingListTableViewCell.swift */; };
		045248AE246AC6B100BE68CC /* M-Track.xcdatamodeld in Sources */ = {isa = PBXBuildFile; fileRef = 045248AC246AC6B100BE68CC /* M-Track.xcdatamodeld */; };
		045248B1246ACABF00BE68CC /* TrackingRecord+CoreDataClass.swift in Sources */ = {isa = PBXBuildFile; fileRef = 045248AF246ACABF00BE68CC /* TrackingRecord+CoreDataClass.swift */; };
		045248B2246ACABF00BE68CC /* TrackingRecord+CoreDataProperties.swift in Sources */ = {isa = PBXBuildFile; fileRef = 045248B0246ACABF00BE68CC /* TrackingRecord+CoreDataProperties.swift */; };
		045248B5246ACCB500BE68CC /* DatabaseProtocol.swift in Sources */ = {isa = PBXBuildFile; fileRef = 045248B4246ACCB500BE68CC /* DatabaseProtocol.swift */; };
		045248B7246AD10100BE68CC /* MulticastDelegate.swift in Sources */ = {isa = PBXBuildFile; fileRef = 045248B6246AD10100BE68CC /* MulticastDelegate.swift */; };
		045248B9246AD14200BE68CC /* CoreDataController.swift in Sources */ = {isa = PBXBuildFile; fileRef = 045248B8246AD14200BE68CC /* CoreDataController.swift */; };
		0454021924912AB100FB03BB /* Tracking.storyboard in Resources */ = {isa = PBXBuildFile; fileRef = 0454021824912AB100FB03BB /* Tracking.storyboard */; };
		0454021B2491344400FB03BB /* MapDetailsViewController.swift in Sources */ = {isa = PBXBuildFile; fileRef = 0454021A2491344400FB03BB /* MapDetailsViewController.swift */; };
		0454021D2491347F00FB03BB /* MapViewController.swift in Sources */ = {isa = PBXBuildFile; fileRef = 0454021C2491347F00FB03BB /* MapViewController.swift */; };
		0454021F249134D100FB03BB /* MapFunctionViewController.swift in Sources */ = {isa = PBXBuildFile; fileRef = 0454021E249134D100FB03BB /* MapFunctionViewController.swift */; };
		045402212491E78700FB03BB /* EditTrackingViewController.swift in Sources */ = {isa = PBXBuildFile; fileRef = 045402202491E78700FB03BB /* EditTrackingViewController.swift */; };
		04555EB1249868A4003BF15F /* ApiRequest.swift in Sources */ = {isa = PBXBuildFile; fileRef = 04555EB0249868A4003BF15F /* ApiRequest.swift */; };
		04555EB7249B09FF003BF15F /* TrackingBaseViewController.swift in Sources */ = {isa = PBXBuildFile; fileRef = 04555EB6249B09FF003BF15F /* TrackingBaseViewController.swift */; };
		0455CB7A248018BA00B7E97E /* Message.swift in Sources */ = {isa = PBXBuildFile; fileRef = 0455CB79248018BA00B7E97E /* Message.swift */; };
		0455CB7D24801C7D00B7E97E /* AppSettings.swift in Sources */ = {isa = PBXBuildFile; fileRef = 0455CB7C24801C7D00B7E97E /* AppSettings.swift */; };
		0460343B246D84AC00799E25 /* Pods_FIT3178_App.framework in Frameworks */ = {isa = PBXBuildFile; fileRef = E9E68B2216BEEAB76FF936A1 /* Pods_FIT3178_App.framework */; };
		0460343F246E11E600799E25 /* AddTrackingViewController.swift in Sources */ = {isa = PBXBuildFile; fileRef = 0460343E246E11E600799E25 /* AddTrackingViewController.swift */; };
/* End PBXBuildFile section */

/* Begin PBXFileReference section */
		043BF1522495006E00B91BB9 /* FirebaseController.swift */ = {isa = PBXFileReference; lastKnownFileType = sourcecode.swift; path = FirebaseController.swift; sourceTree = "<group>"; };
		043BF154249652AC00B91BB9 /* UIView.swift */ = {isa = PBXFileReference; lastKnownFileType = sourcecode.swift; path = UIView.swift; sourceTree = "<group>"; };
		044A925F247519EF0030470F /* GoogleService-Info.plist */ = {isa = PBXFileReference; fileEncoding = 4; lastKnownFileType = text.plist.xml; path = "GoogleService-Info.plist"; sourceTree = "<group>"; };
		044A9267247569A50030470F /* LoginViewController.swift */ = {isa = PBXFileReference; lastKnownFileType = sourcecode.swift; path = LoginViewController.swift; sourceTree = "<group>"; };
		044A9269247571D80030470F /* SignInViewController.swift */ = {isa = PBXFileReference; lastKnownFileType = sourcecode.swift; path = SignInViewController.swift; sourceTree = "<group>"; };
		044A926B247572010030470F /* SignUpViewController.swift */ = {isa = PBXFileReference; lastKnownFileType = sourcecode.swift; path = SignUpViewController.swift; sourceTree = "<group>"; };
		044A926F2476060F0030470F /* ChannelsTableViewController.swift */ = {isa = PBXFileReference; lastKnownFileType = sourcecode.swift; path = ChannelsTableViewController.swift; sourceTree = "<group>"; };
		044A9271247606210030470F /* ChatViewController.swift */ = {isa = PBXFileReference; lastKnownFileType = sourcecode.swift; path = ChatViewController.swift; sourceTree = "<group>"; };
		044A927324760B540030470F /* SettingsTableViewController.swift */ = {isa = PBXFileReference; lastKnownFileType = sourcecode.swift; path = SettingsTableViewController.swift; sourceTree = "<group>"; };
		044A927524760FD20030470F /* SettingsTableViewCell.swift */ = {isa = PBXFileReference; lastKnownFileType = sourcecode.swift; path = SettingsTableViewCell.swift; sourceTree = "<group>"; };
		044A9277247615E90030470F /* Channel.swift */ = {isa = PBXFileReference; lastKnownFileType = sourcecode.swift; path = Channel.swift; sourceTree = "<group>"; };
		044A927A247627280030470F /* UIColor+Additions.swift */ = {isa = PBXFileReference; lastKnownFileType = sourcecode.swift; path = "UIColor+Additions.swift"; sourceTree = "<group>"; };
		044A927C247629220030470F /* DatabaseRepresentation.swift */ = {isa = PBXFileReference; lastKnownFileType = sourcecode.swift; path = DatabaseRepresentation.swift; sourceTree = "<group>"; };
		044CE4B0249C800E004B3B72 /* UserDetails.swift */ = {isa = PBXFileReference; lastKnownFileType = sourcecode.swift; path = UserDetails.swift; sourceTree = "<group>"; };
		044CE4B2249C9D79004B3B72 /* CarrierData.swift */ = {isa = PBXFileReference; lastKnownFileType = sourcecode.swift; path = CarrierData.swift; sourceTree = "<group>"; };
		044CE4B4249CA28B004B3B72 /* CarrierRequest.swift */ = {isa = PBXFileReference; lastKnownFileType = sourcecode.swift; path = CarrierRequest.swift; sourceTree = "<group>"; };
		044CE4B6249CB05E004B3B72 /* CarrierListTableViewController.swift */ = {isa = PBXFileReference; lastKnownFileType = sourcecode.swift; path = CarrierListTableViewController.swift; sourceTree = "<group>"; };
		044CE4B8249CB0C0004B3B72 /* CarrierListTableViewCell.swift */ = {isa = PBXFileReference; lastKnownFileType = sourcecode.swift; path = CarrierListTableViewCell.swift; sourceTree = "<group>"; };
		044D7D54246FDE6700E0BDFC /* TrackingData.swift */ = {isa = PBXFileReference; lastKnownFileType = sourcecode.swift; path = TrackingData.swift; sourceTree = "<group>"; };
		044D7D562472D92500E0BDFC /* TrackingDetailsTableViewController.swift */ = {isa = PBXFileReference; lastKnownFileType = sourcecode.swift; path = TrackingDetailsTableViewController.swift; sourceTree = "<group>"; };
		044D7D582472DE2A00E0BDFC /* TrackingDetailsTableViewCell.swift */ = {isa = PBXFileReference; lastKnownFileType = sourcecode.swift; path = TrackingDetailsTableViewCell.swift; sourceTree = "<group>"; };
		044D7D5A2473488300E0BDFC /* TrackingDataRequest.swift */ = {isa = PBXFileReference; lastKnownFileType = sourcecode.swift; path = TrackingDataRequest.swift; sourceTree = "<group>"; };
		044E6019248E7038006CCADF /* Utilities.swift */ = {isa = PBXFileReference; lastKnownFileType = sourcecode.swift; path = Utilities.swift; sourceTree = "<group>"; };
		044E601D248FCBA3006CCADF /* Record.swift */ = {isa = PBXFileReference; lastKnownFileType = sourcecode.swift; path = Record.swift; sourceTree = "<group>"; };
		04523C5F24699E1F00E1230C /* M-Track.app */ = {isa = PBXFileReference; explicitFileType = wrapper.application; includeInIndex = 0; path = "M-Track.app"; sourceTree = BUILT_PRODUCTS_DIR; };
		04523C6224699E1F00E1230C /* AppDelegate.swift */ = {isa = PBXFileReference; lastKnownFileType = sourcecode.swift; path = AppDelegate.swift; sourceTree = "<group>"; };
		04523C6424699E1F00E1230C /* SceneDelegate.swift */ = {isa = PBXFileReference; lastKnownFileType = sourcecode.swift; path = SceneDelegate.swift; sourceTree = "<group>"; };
		04523C6624699E1F00E1230C /* ViewController.swift */ = {isa = PBXFileReference; lastKnownFileType = sourcecode.swift; path = ViewController.swift; sourceTree = "<group>"; };
		04523C6924699E1F00E1230C /* Base */ = {isa = PBXFileReference; lastKnownFileType = file.storyboard; name = Base; path = Base.lproj/Main.storyboard; sourceTree = "<group>"; };
		04523C6E24699E2300E1230C /* Assets.xcassets */ = {isa = PBXFileReference; lastKnownFileType = folder.assetcatalog; path = Assets.xcassets; sourceTree = "<group>"; };
		04523C7124699E2300E1230C /* Base */ = {isa = PBXFileReference; lastKnownFileType = file.storyboard; name = Base; path = Base.lproj/LaunchScreen.storyboard; sourceTree = "<group>"; };
		04523C7324699E2300E1230C /* Info.plist */ = {isa = PBXFileReference; lastKnownFileType = text.plist.xml; path = Info.plist; sourceTree = "<group>"; };
		045248A4246A7DB300BE68CC /* HomeViewController.swift */ = {isa = PBXFileReference; lastKnownFileType = sourcecode.swift; path = HomeViewController.swift; sourceTree = "<group>"; };
		045248A6246A7E0500BE68CC /* TrackingListTableViewController.swift */ = {isa = PBXFileReference; lastKnownFileType = sourcecode.swift; path = TrackingListTableViewController.swift; sourceTree = "<group>"; };
		045248A8246A9BE600BE68CC /* TrackingListTableViewCell.swift */ = {isa = PBXFileReference; lastKnownFileType = sourcecode.swift; path = TrackingListTableViewCell.swift; sourceTree = "<group>"; };
		045248AD246AC6B100BE68CC /* M-Track.xcdatamodel */ = {isa = PBXFileReference; lastKnownFileType = wrapper.xcdatamodel; path = "M-Track.xcdatamodel"; sourceTree = "<group>"; };
		045248AF246ACABF00BE68CC /* TrackingRecord+CoreDataClass.swift */ = {isa = PBXFileReference; lastKnownFileType = sourcecode.swift; path = "TrackingRecord+CoreDataClass.swift"; sourceTree = "<group>"; };
		045248B0246ACABF00BE68CC /* TrackingRecord+CoreDataProperties.swift */ = {isa = PBXFileReference; lastKnownFileType = sourcecode.swift; path = "TrackingRecord+CoreDataProperties.swift"; sourceTree = "<group>"; };
		045248B4246ACCB500BE68CC /* DatabaseProtocol.swift */ = {isa = PBXFileReference; lastKnownFileType = sourcecode.swift; path = DatabaseProtocol.swift; sourceTree = "<group>"; };
		045248B6246AD10100BE68CC /* MulticastDelegate.swift */ = {isa = PBXFileReference; lastKnownFileType = sourcecode.swift; path = MulticastDelegate.swift; sourceTree = "<group>"; };
		045248B8246AD14200BE68CC /* CoreDataController.swift */ = {isa = PBXFileReference; lastKnownFileType = sourcecode.swift; path = CoreDataController.swift; sourceTree = "<group>"; };
		0454021824912AB100FB03BB /* Tracking.storyboard */ = {isa = PBXFileReference; lastKnownFileType = file.storyboard; path = Tracking.storyboard; sourceTree = "<group>"; };
		0454021A2491344400FB03BB /* MapDetailsViewController.swift */ = {isa = PBXFileReference; lastKnownFileType = sourcecode.swift; path = MapDetailsViewController.swift; sourceTree = "<group>"; };
		0454021C2491347F00FB03BB /* MapViewController.swift */ = {isa = PBXFileReference; lastKnownFileType = sourcecode.swift; path = MapViewController.swift; sourceTree = "<group>"; };
		0454021E249134D100FB03BB /* MapFunctionViewController.swift */ = {isa = PBXFileReference; lastKnownFileType = sourcecode.swift; path = MapFunctionViewController.swift; sourceTree = "<group>"; };
		045402202491E78700FB03BB /* EditTrackingViewController.swift */ = {isa = PBXFileReference; lastKnownFileType = sourcecode.swift; path = EditTrackingViewController.swift; sourceTree = "<group>"; };
		04555EB0249868A4003BF15F /* ApiRequest.swift */ = {isa = PBXFileReference; lastKnownFileType = sourcecode.swift; path = ApiRequest.swift; sourceTree = "<group>"; };
		04555EB6249B09FF003BF15F /* TrackingBaseViewController.swift */ = {isa = PBXFileReference; lastKnownFileType = sourcecode.swift; path = TrackingBaseViewController.swift; sourceTree = "<group>"; };
		0455CB79248018BA00B7E97E /* Message.swift */ = {isa = PBXFileReference; lastKnownFileType = sourcecode.swift; path = Message.swift; sourceTree = "<group>"; };
		0455CB7C24801C7D00B7E97E /* AppSettings.swift */ = {isa = PBXFileReference; lastKnownFileType = sourcecode.swift; path = AppSettings.swift; sourceTree = "<group>"; };
		0460343E246E11E600799E25 /* AddTrackingViewController.swift */ = {isa = PBXFileReference; lastKnownFileType = sourcecode.swift; path = AddTrackingViewController.swift; sourceTree = "<group>"; };
		44BA9831C929A5FEC34A3FC9 /* Pods-FIT3178-App.debug.xcconfig */ = {isa = PBXFileReference; includeInIndex = 1; lastKnownFileType = text.xcconfig; name = "Pods-FIT3178-App.debug.xcconfig"; path = "Target Support Files/Pods-FIT3178-App/Pods-FIT3178-App.debug.xcconfig"; sourceTree = "<group>"; };
		A27DC1CE1879B98333E10C46 /* Pods-FIT3178-App.release.xcconfig */ = {isa = PBXFileReference; includeInIndex = 1; lastKnownFileType = text.xcconfig; name = "Pods-FIT3178-App.release.xcconfig"; path = "Target Support Files/Pods-FIT3178-App/Pods-FIT3178-App.release.xcconfig"; sourceTree = "<group>"; };
		E9E68B2216BEEAB76FF936A1 /* Pods_FIT3178_App.framework */ = {isa = PBXFileReference; explicitFileType = wrapper.framework; includeInIndex = 0; path = Pods_FIT3178_App.framework; sourceTree = BUILT_PRODUCTS_DIR; };
/* End PBXFileReference section */

/* Begin PBXFrameworksBuildPhase section */
		04523C5C24699E1F00E1230C /* Frameworks */ = {
			isa = PBXFrameworksBuildPhase;
			buildActionMask = 2147483647;
			files = (
				0460343B246D84AC00799E25 /* Pods_FIT3178_App.framework in Frameworks */,
			);
			runOnlyForDeploymentPostprocessing = 0;
		};
/* End PBXFrameworksBuildPhase section */

/* Begin PBXGroup section */
		044A9279247627040030470F /* Extensions */ = {
			isa = PBXGroup;
			children = (
				044A927A247627280030470F /* UIColor+Additions.swift */,
				044E6019248E7038006CCADF /* Utilities.swift */,
				04555EB0249868A4003BF15F /* ApiRequest.swift */,
				043BF154249652AC00B91BB9 /* UIView.swift */,
				044CE4B0249C800E004B3B72 /* UserDetails.swift */,
				044CE4B4249CA28B004B3B72 /* CarrierRequest.swift */,
			);
			path = Extensions;
			sourceTree = "<group>";
		};
		04523C5624699E1F00E1230C = {
			isa = PBXGroup;
			children = (
				04523C6124699E1F00E1230C /* FIT3178-App */,
				04523C6024699E1F00E1230C /* Products */,
				67B857B57AAB12A65F16B0C3 /* Pods */,
				FAD885069B4EF4F872597995 /* Frameworks */,
			);
			sourceTree = "<group>";
		};
		04523C6024699E1F00E1230C /* Products */ = {
			isa = PBXGroup;
			children = (
				04523C5F24699E1F00E1230C /* M-Track.app */,
			);
			name = Products;
			sourceTree = "<group>";
		};
		04523C6124699E1F00E1230C /* FIT3178-App */ = {
			isa = PBXGroup;
			children = (
				04555EB5249B09E3003BF15F /* BaseControllers */,
				0454021724912A8300FB03BB /* Storyboards */,
				0455CB7B24801C4200B7E97E /* Controllers */,
				044A9279247627040030470F /* Extensions */,
				04603438246D1DB800799E25 /* ViewControllers */,
				045248B3246ACB0500BE68CC /* Database */,
				045248AB246AC65900BE68CC /* DataModel */,
				045248AA246AC1A100BE68CC /* TableViewCell */,
				04523C6424699E1F00E1230C /* SceneDelegate.swift */,
				04523C6824699E1F00E1230C /* Main.storyboard */,
				04523C6E24699E2300E1230C /* Assets.xcassets */,
				044D7D54246FDE6700E0BDFC /* TrackingData.swift */,
				04523C7024699E2300E1230C /* LaunchScreen.storyboard */,
				04523C6624699E1F00E1230C /* ViewController.swift */,
				04523C7324699E2300E1230C /* Info.plist */,
				044A925F247519EF0030470F /* GoogleService-Info.plist */,
				044D7D5A2473488300E0BDFC /* TrackingDataRequest.swift */,
			);
			path = "FIT3178-App";
			sourceTree = "<group>";
		};
		045248AA246AC1A100BE68CC /* TableViewCell */ = {
			isa = PBXGroup;
			children = (
				045248A8246A9BE600BE68CC /* TrackingListTableViewCell.swift */,
				044D7D582472DE2A00E0BDFC /* TrackingDetailsTableViewCell.swift */,
				044A927524760FD20030470F /* SettingsTableViewCell.swift */,
				044CE4B8249CB0C0004B3B72 /* CarrierListTableViewCell.swift */,
			);
			path = TableViewCell;
			sourceTree = "<group>";
		};
		045248AB246AC65900BE68CC /* DataModel */ = {
			isa = PBXGroup;
			children = (
				045248AF246ACABF00BE68CC /* TrackingRecord+CoreDataClass.swift */,
				045248B0246ACABF00BE68CC /* TrackingRecord+CoreDataProperties.swift */,
				045248AC246AC6B100BE68CC /* M-Track.xcdatamodeld */,
				044A9277247615E90030470F /* Channel.swift */,
				044A927C247629220030470F /* DatabaseRepresentation.swift */,
				0455CB79248018BA00B7E97E /* Message.swift */,
				044E601D248FCBA3006CCADF /* Record.swift */,
				044CE4B2249C9D79004B3B72 /* CarrierData.swift */,
			);
			path = DataModel;
			sourceTree = "<group>";
		};
		045248B3246ACB0500BE68CC /* Database */ = {
			isa = PBXGroup;
			children = (
				045248B4246ACCB500BE68CC /* DatabaseProtocol.swift */,
				045248B6246AD10100BE68CC /* MulticastDelegate.swift */,
				045248B8246AD14200BE68CC /* CoreDataController.swift */,
				043BF1522495006E00B91BB9 /* FirebaseController.swift */,
			);
			path = Database;
			sourceTree = "<group>";
		};
		0454021724912A8300FB03BB /* Storyboards */ = {
			isa = PBXGroup;
			children = (
				0454021824912AB100FB03BB /* Tracking.storyboard */,
			);
			path = Storyboards;
			sourceTree = "<group>";
		};
		04555EB5249B09E3003BF15F /* BaseControllers */ = {
			isa = PBXGroup;
			children = (
				04555EB6249B09FF003BF15F /* TrackingBaseViewController.swift */,
			);
			path = BaseControllers;
			sourceTree = "<group>";
		};
		0455CB7B24801C4200B7E97E /* Controllers */ = {
			isa = PBXGroup;
			children = (
				04523C6224699E1F00E1230C /* AppDelegate.swift */,
				0455CB7C24801C7D00B7E97E /* AppSettings.swift */,
			);
			path = Controllers;
			sourceTree = "<group>";
		};
		04603438246D1DB800799E25 /* ViewControllers */ = {
			isa = PBXGroup;
			children = (
				045248A4246A7DB300BE68CC /* HomeViewController.swift */,
				045248A6246A7E0500BE68CC /* TrackingListTableViewController.swift */,
				0460343E246E11E600799E25 /* AddTrackingViewController.swift */,
				044D7D562472D92500E0BDFC /* TrackingDetailsTableViewController.swift */,
				044A9267247569A50030470F /* LoginViewController.swift */,
				044A9269247571D80030470F /* SignInViewController.swift */,
				044A926B247572010030470F /* SignUpViewController.swift */,
				044A926F2476060F0030470F /* ChannelsTableViewController.swift */,
				044A9271247606210030470F /* ChatViewController.swift */,
				044A927324760B540030470F /* SettingsTableViewController.swift */,
				0454021A2491344400FB03BB /* MapDetailsViewController.swift */,
				0454021C2491347F00FB03BB /* MapViewController.swift */,
				0454021E249134D100FB03BB /* MapFunctionViewController.swift */,
				045402202491E78700FB03BB /* EditTrackingViewController.swift */,
				044CE4B6249CB05E004B3B72 /* CarrierListTableViewController.swift */,
			);
			path = ViewControllers;
			sourceTree = "<group>";
		};
		67B857B57AAB12A65F16B0C3 /* Pods */ = {
			isa = PBXGroup;
			children = (
				44BA9831C929A5FEC34A3FC9 /* Pods-FIT3178-App.debug.xcconfig */,
				A27DC1CE1879B98333E10C46 /* Pods-FIT3178-App.release.xcconfig */,
			);
			path = Pods;
			sourceTree = "<group>";
		};
		FAD885069B4EF4F872597995 /* Frameworks */ = {
			isa = PBXGroup;
			children = (
				E9E68B2216BEEAB76FF936A1 /* Pods_FIT3178_App.framework */,
			);
			name = Frameworks;
			sourceTree = "<group>";
		};
/* End PBXGroup section */

/* Begin PBXNativeTarget section */
		04523C5E24699E1F00E1230C /* FIT3178-App */ = {
			isa = PBXNativeTarget;
			buildConfigurationList = 04523C7624699E2300E1230C /* Build configuration list for PBXNativeTarget "FIT3178-App" */;
			buildPhases = (
				D3F8F6C7972E1715564F70C2 /* [CP] Check Pods Manifest.lock */,
				04523C5B24699E1F00E1230C /* Sources */,
				04523C5C24699E1F00E1230C /* Frameworks */,
				04523C5D24699E1F00E1230C /* Resources */,
				9293642382217B2715758D61 /* [CP] Embed Pods Frameworks */,
			);
			buildRules = (
			);
			dependencies = (
			);
			name = "FIT3178-App";
			productName = "FIT3178-App";
			productReference = 04523C5F24699E1F00E1230C /* M-Track.app */;
			productType = "com.apple.product-type.application";
		};
/* End PBXNativeTarget section */

/* Begin PBXProject section */
		04523C5724699E1F00E1230C /* Project object */ = {
			isa = PBXProject;
			attributes = {
				LastSwiftUpdateCheck = 1140;
				LastUpgradeCheck = 1140;
				ORGANIZATIONNAME = "Jingmei Lin";
				TargetAttributes = {
					04523C5E24699E1F00E1230C = {
						CreatedOnToolsVersion = 11.4.1;
					};
				};
			};
			buildConfigurationList = 04523C5A24699E1F00E1230C /* Build configuration list for PBXProject "FIT3178-App" */;
			compatibilityVersion = "Xcode 9.3";
			developmentRegion = en;
			hasScannedForEncodings = 0;
			knownRegions = (
				en,
				Base,
			);
			mainGroup = 04523C5624699E1F00E1230C;
			productRefGroup = 04523C6024699E1F00E1230C /* Products */;
			projectDirPath = "";
			projectRoot = "";
			targets = (
				04523C5E24699E1F00E1230C /* FIT3178-App */,
			);
		};
/* End PBXProject section */

/* Begin PBXResourcesBuildPhase section */
		04523C5D24699E1F00E1230C /* Resources */ = {
			isa = PBXResourcesBuildPhase;
			buildActionMask = 2147483647;
			files = (
				04523C7224699E2300E1230C /* LaunchScreen.storyboard in Resources */,
				044A9260247519EF0030470F /* GoogleService-Info.plist in Resources */,
				0454021924912AB100FB03BB /* Tracking.storyboard in Resources */,
				04523C6F24699E2300E1230C /* Assets.xcassets in Resources */,
				04523C6A24699E1F00E1230C /* Main.storyboard in Resources */,
			);
			runOnlyForDeploymentPostprocessing = 0;
		};
/* End PBXResourcesBuildPhase section */

/* Begin PBXShellScriptBuildPhase section */
		9293642382217B2715758D61 /* [CP] Embed Pods Frameworks */ = {
			isa = PBXShellScriptBuildPhase;
			buildActionMask = 2147483647;
			files = (
			);
			inputFileListPaths = (
				"${PODS_ROOT}/Target Support Files/Pods-FIT3178-App/Pods-FIT3178-App-frameworks-${CONFIGURATION}-input-files.xcfilelist",
			);
			name = "[CP] Embed Pods Frameworks";
			outputFileListPaths = (
				"${PODS_ROOT}/Target Support Files/Pods-FIT3178-App/Pods-FIT3178-App-frameworks-${CONFIGURATION}-output-files.xcfilelist",
			);
			runOnlyForDeploymentPostprocessing = 0;
			shellPath = /bin/sh;
			shellScript = "\"${PODS_ROOT}/Target Support Files/Pods-FIT3178-App/Pods-FIT3178-App-frameworks.sh\"\n";
			showEnvVarsInLog = 0;
		};
		D3F8F6C7972E1715564F70C2 /* [CP] Check Pods Manifest.lock */ = {
			isa = PBXShellScriptBuildPhase;
			buildActionMask = 2147483647;
			files = (
			);
			inputFileListPaths = (
			);
			inputPaths = (
				"${PODS_PODFILE_DIR_PATH}/Podfile.lock",
				"${PODS_ROOT}/Manifest.lock",
			);
			name = "[CP] Check Pods Manifest.lock";
			outputFileListPaths = (
			);
			outputPaths = (
				"$(DERIVED_FILE_DIR)/Pods-FIT3178-App-checkManifestLockResult.txt",
			);
			runOnlyForDeploymentPostprocessing = 0;
			shellPath = /bin/sh;
			shellScript = "diff \"${PODS_PODFILE_DIR_PATH}/Podfile.lock\" \"${PODS_ROOT}/Manifest.lock\" > /dev/null\nif [ $? != 0 ] ; then\n    # print error to STDERR\n    echo \"error: The sandbox is not in sync with the Podfile.lock. Run 'pod install' or update your CocoaPods installation.\" >&2\n    exit 1\nfi\n# This output is used by Xcode 'outputs' to avoid re-running this script phase.\necho \"SUCCESS\" > \"${SCRIPT_OUTPUT_FILE_0}\"\n";
			showEnvVarsInLog = 0;
		};
/* End PBXShellScriptBuildPhase section */

/* Begin PBXSourcesBuildPhase section */
		04523C5B24699E1F00E1230C /* Sources */ = {
			isa = PBXSourcesBuildPhase;
			buildActionMask = 2147483647;
			files = (
				04555EB1249868A4003BF15F /* ApiRequest.swift in Sources */,
				043BF1532495006E00B91BB9 /* FirebaseController.swift in Sources */,
				045248A5246A7DB300BE68CC /* HomeViewController.swift in Sources */,
				0460343F246E11E600799E25 /* AddTrackingViewController.swift in Sources */,
				044CE4B9249CB0C0004B3B72 /* CarrierListTableViewCell.swift in Sources */,
				04523C6724699E1F00E1230C /* ViewController.swift in Sources */,
				043BF155249652AC00B91BB9 /* UIView.swift in Sources */,
				044A9278247615E90030470F /* Channel.swift in Sources */,
				044E601A248E7038006CCADF /* Utilities.swift in Sources */,
				0455CB7A248018BA00B7E97E /* Message.swift in Sources */,
				044CE4B1249C800E004B3B72 /* UserDetails.swift in Sources */,
				044D7D592472DE2A00E0BDFC /* TrackingDetailsTableViewCell.swift in Sources */,
				044CE4B3249C9D79004B3B72 /* CarrierData.swift in Sources */,
				044A9268247569A50030470F /* LoginViewController.swift in Sources */,
				044D7D572472D92500E0BDFC /* TrackingDetailsTableViewController.swift in Sources */,
				0455CB7D24801C7D00B7E97E /* AppSettings.swift in Sources */,
				045402212491E78700FB03BB /* EditTrackingViewController.swift in Sources */,
				044CE4B7249CB05E004B3B72 /* CarrierListTableViewController.swift in Sources */,
				04523C6324699E1F00E1230C /* AppDelegate.swift in Sources */,
				045248B1246ACABF00BE68CC /* TrackingRecord+CoreDataClass.swift in Sources */,
				044A926A247571D80030470F /* SignInViewController.swift in Sources */,
				045248AE246AC6B100BE68CC /* M-Track.xcdatamodeld in Sources */,
				044D7D5B2473488300E0BDFC /* TrackingDataRequest.swift in Sources */,
				045248B5246ACCB500BE68CC /* DatabaseProtocol.swift in Sources */,
				044A927624760FD20030470F /* SettingsTableViewCell.swift in Sources */,
				045248A9246A9BE600BE68CC /* TrackingListTableViewCell.swift in Sources */,
				045248B9246AD14200BE68CC /* CoreDataController.swift in Sources */,
				0454021F249134D100FB03BB /* MapFunctionViewController.swift in Sources */,
				044E601E248FCBA3006CCADF /* Record.swift in Sources */,
				044A927B247627280030470F /* UIColor+Additions.swift in Sources */,
				044A926C247572010030470F /* SignUpViewController.swift in Sources */,
				04555EB7249B09FF003BF15F /* TrackingBaseViewController.swift in Sources */,
				0454021D2491347F00FB03BB /* MapViewController.swift in Sources */,
				044A9272247606210030470F /* ChatViewController.swift in Sources */,
				044A92702476060F0030470F /* ChannelsTableViewController.swift in Sources */,
				045248B2246ACABF00BE68CC /* TrackingRecord+CoreDataProperties.swift in Sources */,
				045248A7246A7E0500BE68CC /* TrackingListTableViewController.swift in Sources */,
				044A927D247629220030470F /* DatabaseRepresentation.swift in Sources */,
				044CE4B5249CA28B004B3B72 /* CarrierRequest.swift in Sources */,
				044D7D55246FDE6800E0BDFC /* TrackingData.swift in Sources */,
				0454021B2491344400FB03BB /* MapDetailsViewController.swift in Sources */,
				04523C6524699E1F00E1230C /* SceneDelegate.swift in Sources */,
				045248B7246AD10100BE68CC /* MulticastDelegate.swift in Sources */,
				044A927424760B540030470F /* SettingsTableViewController.swift in Sources */,
			);
			runOnlyForDeploymentPostprocessing = 0;
		};
/* End PBXSourcesBuildPhase section */

/* Begin PBXVariantGroup section */
		04523C6824699E1F00E1230C /* Main.storyboard */ = {
			isa = PBXVariantGroup;
			children = (
				04523C6924699E1F00E1230C /* Base */,
			);
			name = Main.storyboard;
			sourceTree = "<group>";
		};
		04523C7024699E2300E1230C /* LaunchScreen.storyboard */ = {
			isa = PBXVariantGroup;
			children = (
				04523C7124699E2300E1230C /* Base */,
			);
			name = LaunchScreen.storyboard;
			sourceTree = "<group>";
		};
/* End PBXVariantGroup section */

/* Begin XCBuildConfiguration section */
		04523C7424699E2300E1230C /* Debug */ = {
			isa = XCBuildConfiguration;
			buildSettings = {
				ALWAYS_SEARCH_USER_PATHS = NO;
				CLANG_ANALYZER_NONNULL = YES;
				CLANG_ANALYZER_NUMBER_OBJECT_CONVERSION = YES_AGGRESSIVE;
				CLANG_CXX_LANGUAGE_STANDARD = "gnu++14";
				CLANG_CXX_LIBRARY = "libc++";
				CLANG_ENABLE_MODULES = YES;
				CLANG_ENABLE_OBJC_ARC = YES;
				CLANG_ENABLE_OBJC_WEAK = YES;
				CLANG_WARN_BLOCK_CAPTURE_AUTORELEASING = YES;
				CLANG_WARN_BOOL_CONVERSION = YES;
				CLANG_WARN_COMMA = YES;
				CLANG_WARN_CONSTANT_CONVERSION = YES;
				CLANG_WARN_DEPRECATED_OBJC_IMPLEMENTATIONS = YES;
				CLANG_WARN_DIRECT_OBJC_ISA_USAGE = YES_ERROR;
				CLANG_WARN_DOCUMENTATION_COMMENTS = YES;
				CLANG_WARN_EMPTY_BODY = YES;
				CLANG_WARN_ENUM_CONVERSION = YES;
				CLANG_WARN_INFINITE_RECURSION = YES;
				CLANG_WARN_INT_CONVERSION = YES;
				CLANG_WARN_NON_LITERAL_NULL_CONVERSION = YES;
				CLANG_WARN_OBJC_IMPLICIT_RETAIN_SELF = YES;
				CLANG_WARN_OBJC_LITERAL_CONVERSION = YES;
				CLANG_WARN_OBJC_ROOT_CLASS = YES_ERROR;
				CLANG_WARN_RANGE_LOOP_ANALYSIS = YES;
				CLANG_WARN_STRICT_PROTOTYPES = YES;
				CLANG_WARN_SUSPICIOUS_MOVE = YES;
				CLANG_WARN_UNGUARDED_AVAILABILITY = YES_AGGRESSIVE;
				CLANG_WARN_UNREACHABLE_CODE = YES;
				CLANG_WARN__DUPLICATE_METHOD_MATCH = YES;
				COPY_PHASE_STRIP = NO;
				DEBUG_INFORMATION_FORMAT = dwarf;
				ENABLE_STRICT_OBJC_MSGSEND = YES;
				ENABLE_TESTABILITY = YES;
				GCC_C_LANGUAGE_STANDARD = gnu11;
				GCC_DYNAMIC_NO_PIC = NO;
				GCC_NO_COMMON_BLOCKS = YES;
				GCC_OPTIMIZATION_LEVEL = 0;
				GCC_PREPROCESSOR_DEFINITIONS = (
					"DEBUG=1",
					"$(inherited)",
				);
				GCC_WARN_64_TO_32_BIT_CONVERSION = YES;
				GCC_WARN_ABOUT_RETURN_TYPE = YES_ERROR;
				GCC_WARN_UNDECLARED_SELECTOR = YES;
				GCC_WARN_UNINITIALIZED_AUTOS = YES_AGGRESSIVE;
				GCC_WARN_UNUSED_FUNCTION = YES;
				GCC_WARN_UNUSED_VARIABLE = YES;
				IPHONEOS_DEPLOYMENT_TARGET = 13.4;
				MTL_ENABLE_DEBUG_INFO = INCLUDE_SOURCE;
				MTL_FAST_MATH = YES;
				ONLY_ACTIVE_ARCH = YES;
				SDKROOT = iphoneos;
				SWIFT_ACTIVE_COMPILATION_CONDITIONS = DEBUG;
				SWIFT_OPTIMIZATION_LEVEL = "-Onone";
			};
			name = Debug;
		};
		04523C7524699E2300E1230C /* Release */ = {
			isa = XCBuildConfiguration;
			buildSettings = {
				ALWAYS_SEARCH_USER_PATHS = NO;
				CLANG_ANALYZER_NONNULL = YES;
				CLANG_ANALYZER_NUMBER_OBJECT_CONVERSION = YES_AGGRESSIVE;
				CLANG_CXX_LANGUAGE_STANDARD = "gnu++14";
				CLANG_CXX_LIBRARY = "libc++";
				CLANG_ENABLE_MODULES = YES;
				CLANG_ENABLE_OBJC_ARC = YES;
				CLANG_ENABLE_OBJC_WEAK = YES;
				CLANG_WARN_BLOCK_CAPTURE_AUTORELEASING = YES;
				CLANG_WARN_BOOL_CONVERSION = YES;
				CLANG_WARN_COMMA = YES;
				CLANG_WARN_CONSTANT_CONVERSION = YES;
				CLANG_WARN_DEPRECATED_OBJC_IMPLEMENTATIONS = YES;
				CLANG_WARN_DIRECT_OBJC_ISA_USAGE = YES_ERROR;
				CLANG_WARN_DOCUMENTATION_COMMENTS = YES;
				CLANG_WARN_EMPTY_BODY = YES;
				CLANG_WARN_ENUM_CONVERSION = YES;
				CLANG_WARN_INFINITE_RECURSION = YES;
				CLANG_WARN_INT_CONVERSION = YES;
				CLANG_WARN_NON_LITERAL_NULL_CONVERSION = YES;
				CLANG_WARN_OBJC_IMPLICIT_RETAIN_SELF = YES;
				CLANG_WARN_OBJC_LITERAL_CONVERSION = YES;
				CLANG_WARN_OBJC_ROOT_CLASS = YES_ERROR;
				CLANG_WARN_RANGE_LOOP_ANALYSIS = YES;
				CLANG_WARN_STRICT_PROTOTYPES = YES;
				CLANG_WARN_SUSPICIOUS_MOVE = YES;
				CLANG_WARN_UNGUARDED_AVAILABILITY = YES_AGGRESSIVE;
				CLANG_WARN_UNREACHABLE_CODE = YES;
				CLANG_WARN__DUPLICATE_METHOD_MATCH = YES;
				COPY_PHASE_STRIP = NO;
				DEBUG_INFORMATION_FORMAT = "dwarf-with-dsym";
				ENABLE_NS_ASSERTIONS = NO;
				ENABLE_STRICT_OBJC_MSGSEND = YES;
				GCC_C_LANGUAGE_STANDARD = gnu11;
				GCC_NO_COMMON_BLOCKS = YES;
				GCC_WARN_64_TO_32_BIT_CONVERSION = YES;
				GCC_WARN_ABOUT_RETURN_TYPE = YES_ERROR;
				GCC_WARN_UNDECLARED_SELECTOR = YES;
				GCC_WARN_UNINITIALIZED_AUTOS = YES_AGGRESSIVE;
				GCC_WARN_UNUSED_FUNCTION = YES;
				GCC_WARN_UNUSED_VARIABLE = YES;
				IPHONEOS_DEPLOYMENT_TARGET = 13.4;
				MTL_ENABLE_DEBUG_INFO = NO;
				MTL_FAST_MATH = YES;
				SDKROOT = iphoneos;
				SWIFT_COMPILATION_MODE = wholemodule;
				SWIFT_OPTIMIZATION_LEVEL = "-O";
				VALIDATE_PRODUCT = YES;
			};
			name = Release;
		};
		04523C7724699E2300E1230C /* Debug */ = {
			isa = XCBuildConfiguration;
			baseConfigurationReference = 44BA9831C929A5FEC34A3FC9 /* Pods-FIT3178-App.debug.xcconfig */;
			buildSettings = {
				ASSETCATALOG_COMPILER_APPICON_NAME = AppIcon;
				ASSETCATALOG_COMPILER_LAUNCHIMAGE_NAME = "";
				CODE_SIGN_STYLE = Automatic;
				INFOPLIST_FILE = "FIT3178-App/Info.plist";
				LD_RUNPATH_SEARCH_PATHS = (
					"$(inherited)",
					"@executable_path/Frameworks",
				);
				PRODUCT_BUNDLE_IDENTIFIER = "jlin.FIT3178-App";
				PRODUCT_NAME = "M-Track";
				SWIFT_VERSION = 5.0;
				TARGETED_DEVICE_FAMILY = 1;
			};
			name = Debug;
		};
		04523C7824699E2300E1230C /* Release */ = {
			isa = XCBuildConfiguration;
			baseConfigurationReference = A27DC1CE1879B98333E10C46 /* Pods-FIT3178-App.release.xcconfig */;
			buildSettings = {
				ASSETCATALOG_COMPILER_APPICON_NAME = AppIcon;
				ASSETCATALOG_COMPILER_LAUNCHIMAGE_NAME = "";
				CODE_SIGN_STYLE = Automatic;
				INFOPLIST_FILE = "FIT3178-App/Info.plist";
				LD_RUNPATH_SEARCH_PATHS = (
					"$(inherited)",
					"@executable_path/Frameworks",
				);
				PRODUCT_BUNDLE_IDENTIFIER = "jlin.FIT3178-App";
				PRODUCT_NAME = "M-Track";
				SWIFT_VERSION = 5.0;
				TARGETED_DEVICE_FAMILY = 1;
			};
			name = Release;
		};
/* End XCBuildConfiguration section */

/* Begin XCConfigurationList section */
		04523C5A24699E1F00E1230C /* Build configuration list for PBXProject "FIT3178-App" */ = {
			isa = XCConfigurationList;
			buildConfigurations = (
				04523C7424699E2300E1230C /* Debug */,
				04523C7524699E2300E1230C /* Release */,
			);
			defaultConfigurationIsVisible = 0;
			defaultConfigurationName = Release;
		};
		04523C7624699E2300E1230C /* Build configuration list for PBXNativeTarget "FIT3178-App" */ = {
			isa = XCConfigurationList;
			buildConfigurations = (
				04523C7724699E2300E1230C /* Debug */,
				04523C7824699E2300E1230C /* Release */,
			);
			defaultConfigurationIsVisible = 0;
			defaultConfigurationName = Release;
		};
/* End XCConfigurationList section */

/* Begin XCVersionGroup section */
		045248AC246AC6B100BE68CC /* M-Track.xcdatamodeld */ = {
			isa = XCVersionGroup;
			children = (
				045248AD246AC6B100BE68CC /* M-Track.xcdatamodel */,
			);
			currentVersion = 045248AD246AC6B100BE68CC /* M-Track.xcdatamodel */;
			path = "M-Track.xcdatamodeld";
			sourceTree = "<group>";
			versionGroupType = wrapper.xcdatamodel;
		};
/* End XCVersionGroup section */
	};
	rootObject = 04523C5724699E1F00E1230C /* Project object */;
}
